// !$*UTF8*$!
{
	archiveVersion = 1;
	classes = {
	};
	objectVersion = 46;
	objects = {

/* Begin PBXBuildFile section */
		182130EC1B1DB27B0076E2EC /* main.m in Sources */ = {isa = PBXBuildFile; fileRef = 182130EB1B1DB27B0076E2EC /* main.m */; };
		182130EF1B1DB27B0076E2EC /* AppDelegate.m in Sources */ = {isa = PBXBuildFile; fileRef = 182130EE1B1DB27B0076E2EC /* AppDelegate.m */; };
		182130F21B1DB27B0076E2EC /* ViewController.m in Sources */ = {isa = PBXBuildFile; fileRef = 182130F11B1DB27B0076E2EC /* ViewController.m */; };
		182130F51B1DB27B0076E2EC /* Main.storyboard in Resources */ = {isa = PBXBuildFile; fileRef = 182130F31B1DB27B0076E2EC /* Main.storyboard */; };
		182130F71B1DB27B0076E2EC /* Images.xcassets in Resources */ = {isa = PBXBuildFile; fileRef = 182130F61B1DB27B0076E2EC /* Images.xcassets */; };
		182130FA1B1DB27B0076E2EC /* LaunchScreen.xib in Resources */ = {isa = PBXBuildFile; fileRef = 182130F81B1DB27B0076E2EC /* LaunchScreen.xib */; };
		182131061B1DB27B0076E2EC /* weatherTests.m in Sources */ = {isa = PBXBuildFile; fileRef = 182131051B1DB27B0076E2EC /* weatherTests.m */; };
		1848FEC21B2FF2E400C440BC /* WXClient.m in Sources */ = {isa = PBXBuildFile; fileRef = 1848FEC11B2FF2E400C440BC /* WXClient.m */; };
		1848FEC51B2FF2FE00C440BC /* WXManager.m in Sources */ = {isa = PBXBuildFile; fileRef = 1848FEC41B2FF2FE00C440BC /* WXManager.m */; };
		1848FEC81B2FF31F00C440BC /* WXCondition.m in Sources */ = {isa = PBXBuildFile; fileRef = 1848FEC71B2FF31F00C440BC /* WXCondition.m */; };
		1848FECB1B2FF33600C440BC /* WXDailyForecast.m in Sources */ = {isa = PBXBuildFile; fileRef = 1848FECA1B2FF33600C440BC /* WXDailyForecast.m */; };
		18C75ACB1B1DB6CC00FB600C /* weather-broken.png in Resources */ = {isa = PBXBuildFile; fileRef = 18C75AB11B1DB6CC00FB600C /* weather-broken.png */; };
		18C75ACC1B1DB6CC00FB600C /* weather-broken@2x.png in Resources */ = {isa = PBXBuildFile; fileRef = 18C75AB21B1DB6CC00FB600C /* weather-broken@2x.png */; };
		18C75ACD1B1DB6CC00FB600C /* weather-clear.png in Resources */ = {isa = PBXBuildFile; fileRef = 18C75AB31B1DB6CC00FB600C /* weather-clear.png */; };
		18C75ACE1B1DB6CC00FB600C /* weather-clear@2x.png in Resources */ = {isa = PBXBuildFile; fileRef = 18C75AB41B1DB6CC00FB600C /* weather-clear@2x.png */; };
		18C75ACF1B1DB6CC00FB600C /* weather-few-night.png in Resources */ = {isa = PBXBuildFile; fileRef = 18C75AB51B1DB6CC00FB600C /* weather-few-night.png */; };
		18C75AD01B1DB6CC00FB600C /* weather-few-night@2x.png in Resources */ = {isa = PBXBuildFile; fileRef = 18C75AB61B1DB6CC00FB600C /* weather-few-night@2x.png */; };
		18C75AD11B1DB6CC00FB600C /* weather-few.png in Resources */ = {isa = PBXBuildFile; fileRef = 18C75AB71B1DB6CC00FB600C /* weather-few.png */; };
		18C75AD21B1DB6CC00FB600C /* weather-few@2x.png in Resources */ = {isa = PBXBuildFile; fileRef = 18C75AB81B1DB6CC00FB600C /* weather-few@2x.png */; };
		18C75AD31B1DB6CC00FB600C /* weather-mist.png in Resources */ = {isa = PBXBuildFile; fileRef = 18C75AB91B1DB6CC00FB600C /* weather-mist.png */; };
		18C75AD41B1DB6CC00FB600C /* weather-mist@2x.png in Resources */ = {isa = PBXBuildFile; fileRef = 18C75ABA1B1DB6CC00FB600C /* weather-mist@2x.png */; };
		18C75AD51B1DB6CC00FB600C /* weather-moon.png in Resources */ = {isa = PBXBuildFile; fileRef = 18C75ABB1B1DB6CC00FB600C /* weather-moon.png */; };
		18C75AD61B1DB6CC00FB600C /* weather-moon@2x.png in Resources */ = {isa = PBXBuildFile; fileRef = 18C75ABC1B1DB6CC00FB600C /* weather-moon@2x.png */; };
		18C75AD71B1DB6CC00FB600C /* weather-rain-night.png in Resources */ = {isa = PBXBuildFile; fileRef = 18C75ABD1B1DB6CC00FB600C /* weather-rain-night.png */; };
		18C75AD81B1DB6CC00FB600C /* weather-rain-night@2x.png in Resources */ = {isa = PBXBuildFile; fileRef = 18C75ABE1B1DB6CC00FB600C /* weather-rain-night@2x.png */; };
		18C75AD91B1DB6CC00FB600C /* weather-rain.png in Resources */ = {isa = PBXBuildFile; fileRef = 18C75ABF1B1DB6CC00FB600C /* weather-rain.png */; };
		18C75ADA1B1DB6CC00FB600C /* weather-rain@2x.png in Resources */ = {isa = PBXBuildFile; fileRef = 18C75AC01B1DB6CC00FB600C /* weather-rain@2x.png */; };
		18C75ADB1B1DB6CC00FB600C /* weather-scattered.png in Resources */ = {isa = PBXBuildFile; fileRef = 18C75AC11B1DB6CC00FB600C /* weather-scattered.png */; };
		18C75ADC1B1DB6CC00FB600C /* weather-scattered@2x.png in Resources */ = {isa = PBXBuildFile; fileRef = 18C75AC21B1DB6CC00FB600C /* weather-scattered@2x.png */; };
		18C75ADD1B1DB6CC00FB600C /* weather-shower.png in Resources */ = {isa = PBXBuildFile; fileRef = 18C75AC31B1DB6CC00FB600C /* weather-shower.png */; };
		18C75ADE1B1DB6CC00FB600C /* weather-shower@2x.png in Resources */ = {isa = PBXBuildFile; fileRef = 18C75AC41B1DB6CC00FB600C /* weather-shower@2x.png */; };
		18C75ADF1B1DB6CC00FB600C /* weather-snow.png in Resources */ = {isa = PBXBuildFile; fileRef = 18C75AC51B1DB6CC00FB600C /* weather-snow.png */; };
		18C75AE01B1DB6CC00FB600C /* weather-snow@2x.png in Resources */ = {isa = PBXBuildFile; fileRef = 18C75AC61B1DB6CC00FB600C /* weather-snow@2x.png */; };
		18C75AE11B1DB6CC00FB600C /* weather-tstorm.png in Resources */ = {isa = PBXBuildFile; fileRef = 18C75AC71B1DB6CC00FB600C /* weather-tstorm.png */; };
		18C75AE21B1DB6CC00FB600C /* weather-tstorm@2x.png in Resources */ = {isa = PBXBuildFile; fileRef = 18C75AC81B1DB6CC00FB600C /* weather-tstorm@2x.png */; };
		18C75AE31B1DB6CC00FB600C /* bg.png in Resources */ = {isa = PBXBuildFile; fileRef = 18C75AC91B1DB6CC00FB600C /* bg.png */; };
		18C75AE41B1DB6CC00FB600C /* bg@2x.png in Resources */ = {isa = PBXBuildFile; fileRef = 18C75ACA1B1DB6CC00FB600C /* bg@2x.png */; };
		1A7F7BBA83574A6F10E97BEE /* libPods-weather.a in Frameworks */ = {isa = PBXBuildFile; fileRef = 6F695C6769705F3BC86547D3 /* libPods-weather.a */; };
/* End PBXBuildFile section */

/* Begin PBXContainerItemProxy section */
		182131001B1DB27B0076E2EC /* PBXContainerItemProxy */ = {
			isa = PBXContainerItemProxy;
			containerPortal = 182130DE1B1DB27B0076E2EC /* Project object */;
			proxyType = 1;
			remoteGlobalIDString = 182130E51B1DB27B0076E2EC;
			remoteInfo = weather;
		};
/* End PBXContainerItemProxy section */

/* Begin PBXFileReference section */
		182130E61B1DB27B0076E2EC /* weather.app */ = {isa = PBXFileReference; explicitFileType = wrapper.application; includeInIndex = 0; path = weather.app; sourceTree = BUILT_PRODUCTS_DIR; };
		182130EA1B1DB27B0076E2EC /* Info.plist */ = {isa = PBXFileReference; lastKnownFileType = text.plist.xml; path = Info.plist; sourceTree = "<group>"; };
		182130EB1B1DB27B0076E2EC /* main.m */ = {isa = PBXFileReference; lastKnownFileType = sourcecode.c.objc; path = main.m; sourceTree = "<group>"; };
		182130ED1B1DB27B0076E2EC /* AppDelegate.h */ = {isa = PBXFileReference; lastKnownFileType = sourcecode.c.h; path = AppDelegate.h; sourceTree = "<group>"; };
		182130EE1B1DB27B0076E2EC /* AppDelegate.m */ = {isa = PBXFileReference; lastKnownFileType = sourcecode.c.objc; path = AppDelegate.m; sourceTree = "<group>"; };
		182130F01B1DB27B0076E2EC /* ViewController.h */ = {isa = PBXFileReference; lastKnownFileType = sourcecode.c.h; path = ViewController.h; sourceTree = "<group>"; };
		182130F11B1DB27B0076E2EC /* ViewController.m */ = {isa = PBXFileReference; lastKnownFileType = sourcecode.c.objc; path = ViewController.m; sourceTree = "<group>"; };
		182130F41B1DB27B0076E2EC /* Base */ = {isa = PBXFileReference; lastKnownFileType = file.storyboard; name = Base; path = Base.lproj/Main.storyboard; sourceTree = "<group>"; };
		182130F61B1DB27B0076E2EC /* Images.xcassets */ = {isa = PBXFileReference; lastKnownFileType = folder.assetcatalog; path = Images.xcassets; sourceTree = "<group>"; };
		182130F91B1DB27B0076E2EC /* Base */ = {isa = PBXFileReference; lastKnownFileType = file.xib; name = Base; path = Base.lproj/LaunchScreen.xib; sourceTree = "<group>"; };
		182130FF1B1DB27B0076E2EC /* weatherTests.xctest */ = {isa = PBXFileReference; explicitFileType = wrapper.cfbundle; includeInIndex = 0; path = weatherTests.xctest; sourceTree = BUILT_PRODUCTS_DIR; };
		182131041B1DB27B0076E2EC /* Info.plist */ = {isa = PBXFileReference; lastKnownFileType = text.plist.xml; path = Info.plist; sourceTree = "<group>"; };
		182131051B1DB27B0076E2EC /* weatherTests.m */ = {isa = PBXFileReference; lastKnownFileType = sourcecode.c.objc; path = weatherTests.m; sourceTree = "<group>"; };
		1848FEC01B2FF2E400C440BC /* WXClient.h */ = {isa = PBXFileReference; fileEncoding = 4; lastKnownFileType = sourcecode.c.h; path = WXClient.h; sourceTree = "<group>"; };
		1848FEC11B2FF2E400C440BC /* WXClient.m */ = {isa = PBXFileReference; fileEncoding = 4; lastKnownFileType = sourcecode.c.objc; path = WXClient.m; sourceTree = "<group>"; };
		1848FEC31B2FF2FE00C440BC /* WXManager.h */ = {isa = PBXFileReference; fileEncoding = 4; lastKnownFileType = sourcecode.c.h; path = WXManager.h; sourceTree = "<group>"; };
		1848FEC41B2FF2FE00C440BC /* WXManager.m */ = {isa = PBXFileReference; fileEncoding = 4; lastKnownFileType = sourcecode.c.objc; path = WXManager.m; sourceTree = "<group>"; };
		1848FEC61B2FF31F00C440BC /* WXCondition.h */ = {isa = PBXFileReference; fileEncoding = 4; lastKnownFileType = sourcecode.c.h; path = WXCondition.h; sourceTree = "<group>"; };
		1848FEC71B2FF31F00C440BC /* WXCondition.m */ = {isa = PBXFileReference; fileEncoding = 4; lastKnownFileType = sourcecode.c.objc; path = WXCondition.m; sourceTree = "<group>"; };
		1848FEC91B2FF33600C440BC /* WXDailyForecast.h */ = {isa = PBXFileReference; fileEncoding = 4; lastKnownFileType = sourcecode.c.h; path = WXDailyForecast.h; sourceTree = "<group>"; };
		1848FECA1B2FF33600C440BC /* WXDailyForecast.m */ = {isa = PBXFileReference; fileEncoding = 4; lastKnownFileType = sourcecode.c.objc; path = WXDailyForecast.m; sourceTree = "<group>"; };
		18C75AB11B1DB6CC00FB600C /* weather-broken.png */ = {isa = PBXFileReference; lastKnownFileType = image.png; path = "weather-broken.png"; sourceTree = "<group>"; };
		18C75AB21B1DB6CC00FB600C /* weather-broken@2x.png */ = {isa = PBXFileReference; lastKnownFileType = image.png; path = "weather-broken@2x.png"; sourceTree = "<group>"; };
		18C75AB31B1DB6CC00FB600C /* weather-clear.png */ = {isa = PBXFileReference; lastKnownFileType = image.png; path = "weather-clear.png"; sourceTree = "<group>"; };
		18C75AB41B1DB6CC00FB600C /* weather-clear@2x.png */ = {isa = PBXFileReference; lastKnownFileType = image.png; path = "weather-clear@2x.png"; sourceTree = "<group>"; };
		18C75AB51B1DB6CC00FB600C /* weather-few-night.png */ = {isa = PBXFileReference; lastKnownFileType = image.png; path = "weather-few-night.png"; sourceTree = "<group>"; };
		18C75AB61B1DB6CC00FB600C /* weather-few-night@2x.png */ = {isa = PBXFileReference; lastKnownFileType = image.png; path = "weather-few-night@2x.png"; sourceTree = "<group>"; };
		18C75AB71B1DB6CC00FB600C /* weather-few.png */ = {isa = PBXFileReference; lastKnownFileType = image.png; path = "weather-few.png"; sourceTree = "<group>"; };
		18C75AB81B1DB6CC00FB600C /* weather-few@2x.png */ = {isa = PBXFileReference; lastKnownFileType = image.png; path = "weather-few@2x.png"; sourceTree = "<group>"; };
		18C75AB91B1DB6CC00FB600C /* weather-mist.png */ = {isa = PBXFileReference; lastKnownFileType = image.png; path = "weather-mist.png"; sourceTree = "<group>"; };
		18C75ABA1B1DB6CC00FB600C /* weather-mist@2x.png */ = {isa = PBXFileReference; lastKnownFileType = image.png; path = "weather-mist@2x.png"; sourceTree = "<group>"; };
		18C75ABB1B1DB6CC00FB600C /* weather-moon.png */ = {isa = PBXFileReference; lastKnownFileType = image.png; path = "weather-moon.png"; sourceTree = "<group>"; };
		18C75ABC1B1DB6CC00FB600C /* weather-moon@2x.png */ = {isa = PBXFileReference; lastKnownFileType = image.png; path = "weather-moon@2x.png"; sourceTree = "<group>"; };
		18C75ABD1B1DB6CC00FB600C /* weather-rain-night.png */ = {isa = PBXFileReference; lastKnownFileType = image.png; path = "weather-rain-night.png"; sourceTree = "<group>"; };
		18C75ABE1B1DB6CC00FB600C /* weather-rain-night@2x.png */ = {isa = PBXFileReference; lastKnownFileType = image.png; path = "weather-rain-night@2x.png"; sourceTree = "<group>"; };
		18C75ABF1B1DB6CC00FB600C /* weather-rain.png */ = {isa = PBXFileReference; lastKnownFileType = image.png; path = "weather-rain.png"; sourceTree = "<group>"; };
		18C75AC01B1DB6CC00FB600C /* weather-rain@2x.png */ = {isa = PBXFileReference; lastKnownFileType = image.png; path = "weather-rain@2x.png"; sourceTree = "<group>"; };
		18C75AC11B1DB6CC00FB600C /* weather-scattered.png */ = {isa = PBXFileReference; lastKnownFileType = image.png; path = "weather-scattered.png"; sourceTree = "<group>"; };
		18C75AC21B1DB6CC00FB600C /* weather-scattered@2x.png */ = {isa = PBXFileReference; lastKnownFileType = image.png; path = "weather-scattered@2x.png"; sourceTree = "<group>"; };
		18C75AC31B1DB6CC00FB600C /* weather-shower.png */ = {isa = PBXFileReference; lastKnownFileType = image.png; path = "weather-shower.png"; sourceTree = "<group>"; };
		18C75AC41B1DB6CC00FB600C /* weather-shower@2x.png */ = {isa = PBXFileReference; lastKnownFileType = image.png; path = "weather-shower@2x.png"; sourceTree = "<group>"; };
		18C75AC51B1DB6CC00FB600C /* weather-snow.png */ = {isa = PBXFileReference; lastKnownFileType = image.png; path = "weather-snow.png"; sourceTree = "<group>"; };
		18C75AC61B1DB6CC00FB600C /* weather-snow@2x.png */ = {isa = PBXFileReference; lastKnownFileType = image.png; path = "weather-snow@2x.png"; sourceTree = "<group>"; };
		18C75AC71B1DB6CC00FB600C /* weather-tstorm.png */ = {isa = PBXFileReference; lastKnownFileType = image.png; path = "weather-tstorm.png"; sourceTree = "<group>"; };
		18C75AC81B1DB6CC00FB600C /* weather-tstorm@2x.png */ = {isa = PBXFileReference; lastKnownFileType = image.png; path = "weather-tstorm@2x.png"; sourceTree = "<group>"; };
		18C75AC91B1DB6CC00FB600C /* bg.png */ = {isa = PBXFileReference; lastKnownFileType = image.png; name = bg.png; path = ../../../../Downloads/Images/bg.png; sourceTree = "<group>"; };
		18C75ACA1B1DB6CC00FB600C /* bg@2x.png */ = {isa = PBXFileReference; lastKnownFileType = image.png; name = "bg@2x.png"; path = "../../../../Downloads/Images/bg@2x.png"; sourceTree = "<group>"; };
		6F695C6769705F3BC86547D3 /* libPods-weather.a */ = {isa = PBXFileReference; explicitFileType = archive.ar; includeInIndex = 0; path = "libPods-weather.a"; sourceTree = BUILT_PRODUCTS_DIR; };
		B1C103E6BCC8C0A169A1494C /* Pods-weather.debug.xcconfig */ = {isa = PBXFileReference; includeInIndex = 1; lastKnownFileType = text.xcconfig; name = "Pods-weather.debug.xcconfig"; path = "Pods/Target Support Files/Pods-weather/Pods-weather.debug.xcconfig"; sourceTree = "<group>"; };
		B8B6C2A14C91E33E89026535 /* Pods-weather.release.xcconfig */ = {isa = PBXFileReference; includeInIndex = 1; lastKnownFileType = text.xcconfig; name = "Pods-weather.release.xcconfig"; path = "Pods/Target Support Files/Pods-weather/Pods-weather.release.xcconfig"; sourceTree = "<group>"; };
/* End PBXFileReference section */

/* Begin PBXFrameworksBuildPhase section */
		182130E31B1DB27B0076E2EC /* Frameworks */ = {
			isa = PBXFrameworksBuildPhase;
			buildActionMask = 2147483647;
			files = (
				1A7F7BBA83574A6F10E97BEE /* libPods-weather.a in Frameworks */,
			);
			runOnlyForDeploymentPostprocessing = 0;
		};
		182130FC1B1DB27B0076E2EC /* Frameworks */ = {
			isa = PBXFrameworksBuildPhase;
			buildActionMask = 2147483647;
			files = (
			);
			runOnlyForDeploymentPostprocessing = 0;
		};
/* End PBXFrameworksBuildPhase section */

/* Begin PBXGroup section */
		182130DD1B1DB27B0076E2EC = {
			isa = PBXGroup;
			children = (
				182130E81B1DB27B0076E2EC /* weather */,
				182131021B1DB27B0076E2EC /* weatherTests */,
				182130E71B1DB27B0076E2EC /* Products */,
				63B1645D8DECBA768D06739E /* Pods */,
				6ED6073BDDF14CE35D3FE63B /* Frameworks */,
			);
			sourceTree = "<group>";
		};
		182130E71B1DB27B0076E2EC /* Products */ = {
			isa = PBXGroup;
			children = (
				182130E61B1DB27B0076E2EC /* weather.app */,
				182130FF1B1DB27B0076E2EC /* weatherTests.xctest */,
			);
			name = Products;
			sourceTree = "<group>";
		};
		182130E81B1DB27B0076E2EC /* weather */ = {
			isa = PBXGroup;
			children = (
				182130ED1B1DB27B0076E2EC /* AppDelegate.h */,
				182130EE1B1DB27B0076E2EC /* AppDelegate.m */,
				182130F01B1DB27B0076E2EC /* ViewController.h */,
				182130F11B1DB27B0076E2EC /* ViewController.m */,
				1848FEC01B2FF2E400C440BC /* WXClient.h */,
				1848FEC11B2FF2E400C440BC /* WXClient.m */,
				1848FEC31B2FF2FE00C440BC /* WXManager.h */,
				1848FEC41B2FF2FE00C440BC /* WXManager.m */,
				1848FEC61B2FF31F00C440BC /* WXCondition.h */,
				1848FEC71B2FF31F00C440BC /* WXCondition.m */,
				1848FEC91B2FF33600C440BC /* WXDailyForecast.h */,
				1848FECA1B2FF33600C440BC /* WXDailyForecast.m */,
				18C75AB01B1DB6CC00FB600C /* Weather Icons */,
				18C75AC91B1DB6CC00FB600C /* bg.png */,
				18C75ACA1B1DB6CC00FB600C /* bg@2x.png */,
				182130F31B1DB27B0076E2EC /* Main.storyboard */,
				182130F61B1DB27B0076E2EC /* Images.xcassets */,
				182130F81B1DB27B0076E2EC /* LaunchScreen.xib */,
				182130E91B1DB27B0076E2EC /* Supporting Files */,
			);
			path = weather;
			sourceTree = "<group>";
		};
		182130E91B1DB27B0076E2EC /* Supporting Files */ = {
			isa = PBXGroup;
			children = (
				182130EA1B1DB27B0076E2EC /* Info.plist */,
				182130EB1B1DB27B0076E2EC /* main.m */,
			);
			name = "Supporting Files";
			sourceTree = "<group>";
		};
		182131021B1DB27B0076E2EC /* weatherTests */ = {
			isa = PBXGroup;
			children = (
				182131051B1DB27B0076E2EC /* weatherTests.m */,
				182131031B1DB27B0076E2EC /* Supporting Files */,
			);
			path = weatherTests;
			sourceTree = "<group>";
		};
		182131031B1DB27B0076E2EC /* Supporting Files */ = {
			isa = PBXGroup;
			children = (
				182131041B1DB27B0076E2EC /* Info.plist */,
			);
			name = "Supporting Files";
			sourceTree = "<group>";
		};
		18C75AB01B1DB6CC00FB600C /* Weather Icons */ = {
			isa = PBXGroup;
			children = (
				18C75AB11B1DB6CC00FB600C /* weather-broken.png */,
				18C75AB21B1DB6CC00FB600C /* weather-broken@2x.png */,
				18C75AB31B1DB6CC00FB600C /* weather-clear.png */,
				18C75AB41B1DB6CC00FB600C /* weather-clear@2x.png */,
				18C75AB51B1DB6CC00FB600C /* weather-few-night.png */,
				18C75AB61B1DB6CC00FB600C /* weather-few-night@2x.png */,
				18C75AB71B1DB6CC00FB600C /* weather-few.png */,
				18C75AB81B1DB6CC00FB600C /* weather-few@2x.png */,
				18C75AB91B1DB6CC00FB600C /* weather-mist.png */,
				18C75ABA1B1DB6CC00FB600C /* weather-mist@2x.png */,
				18C75ABB1B1DB6CC00FB600C /* weather-moon.png */,
				18C75ABC1B1DB6CC00FB600C /* weather-moon@2x.png */,
				18C75ABD1B1DB6CC00FB600C /* weather-rain-night.png */,
				18C75ABE1B1DB6CC00FB600C /* weather-rain-night@2x.png */,
				18C75ABF1B1DB6CC00FB600C /* weather-rain.png */,
				18C75AC01B1DB6CC00FB600C /* weather-rain@2x.png */,
				18C75AC11B1DB6CC00FB600C /* weather-scattered.png */,
				18C75AC21B1DB6CC00FB600C /* weather-scattered@2x.png */,
				18C75AC31B1DB6CC00FB600C /* weather-shower.png */,
				18C75AC41B1DB6CC00FB600C /* weather-shower@2x.png */,
				18C75AC51B1DB6CC00FB600C /* weather-snow.png */,
				18C75AC61B1DB6CC00FB600C /* weather-snow@2x.png */,
				18C75AC71B1DB6CC00FB600C /* weather-tstorm.png */,
				18C75AC81B1DB6CC00FB600C /* weather-tstorm@2x.png */,
			);
			name = "Weather Icons";
			path = "../../../../Downloads/Images/Weather Icons";
			sourceTree = "<group>";
		};
		63B1645D8DECBA768D06739E /* Pods */ = {
			isa = PBXGroup;
			children = (
				B1C103E6BCC8C0A169A1494C /* Pods-weather.debug.xcconfig */,
				B8B6C2A14C91E33E89026535 /* Pods-weather.release.xcconfig */,
			);
			name = Pods;
			sourceTree = "<group>";
		};
		6ED6073BDDF14CE35D3FE63B /* Frameworks */ = {
			isa = PBXGroup;
			children = (
				6F695C6769705F3BC86547D3 /* libPods-weather.a */,
			);
			name = Frameworks;
			sourceTree = "<group>";
		};
/* End PBXGroup section */

/* Begin PBXNativeTarget section */
		182130E51B1DB27B0076E2EC /* weather */ = {
			isa = PBXNativeTarget;
			buildConfigurationList = 182131091B1DB27B0076E2EC /* Build configuration list for PBXNativeTarget "weather" */;
			buildPhases = (
				A31077B87AD85066154945BF /* Check Pods Manifest.lock */,
				182130E21B1DB27B0076E2EC /* Sources */,
				182130E31B1DB27B0076E2EC /* Frameworks */,
				182130E41B1DB27B0076E2EC /* Resources */,
				4D1379D30B9458AB37C0C0E7 /* Copy Pods Resources */,
			);
			buildRules = (
			);
			dependencies = (
			);
			name = weather;
			productName = weather;
			productReference = 182130E61B1DB27B0076E2EC /* weather.app */;
			productType = "com.apple.product-type.application";
		};
		182130FE1B1DB27B0076E2EC /* weatherTests */ = {
			isa = PBXNativeTarget;
			buildConfigurationList = 1821310C1B1DB27B0076E2EC /* Build configuration list for PBXNativeTarget "weatherTests" */;
			buildPhases = (
				182130FB1B1DB27B0076E2EC /* Sources */,
				182130FC1B1DB27B0076E2EC /* Frameworks */,
				182130FD1B1DB27B0076E2EC /* Resources */,
			);
			buildRules = (
			);
			dependencies = (
				182131011B1DB27B0076E2EC /* PBXTargetDependency */,
			);
			name = weatherTests;
			productName = weatherTests;
			productReference = 182130FF1B1DB27B0076E2EC /* weatherTests.xctest */;
			productType = "com.apple.product-type.bundle.unit-test";
		};
/* End PBXNativeTarget section */

/* Begin PBXProject section */
		182130DE1B1DB27B0076E2EC /* Project object */ = {
			isa = PBXProject;
			attributes = {
				LastUpgradeCheck = 0630;
				ORGANIZATIONNAME = "Yuta Makino";
				TargetAttributes = {
					182130E51B1DB27B0076E2EC = {
						CreatedOnToolsVersion = 6.3;
					};
					182130FE1B1DB27B0076E2EC = {
						CreatedOnToolsVersion = 6.3;
						TestTargetID = 182130E51B1DB27B0076E2EC;
					};
				};
			};
			buildConfigurationList = 182130E11B1DB27B0076E2EC /* Build configuration list for PBXProject "weather" */;
			compatibilityVersion = "Xcode 3.2";
			developmentRegion = English;
			hasScannedForEncodings = 0;
			knownRegions = (
				en,
				Base,
			);
			mainGroup = 182130DD1B1DB27B0076E2EC;
			productRefGroup = 182130E71B1DB27B0076E2EC /* Products */;
			projectDirPath = "";
			projectRoot = "";
			targets = (
				182130E51B1DB27B0076E2EC /* weather */,
				182130FE1B1DB27B0076E2EC /* weatherTests */,
			);
		};
/* End PBXProject section */

/* Begin PBXResourcesBuildPhase section */
		182130E41B1DB27B0076E2EC /* Resources */ = {
			isa = PBXResourcesBuildPhase;
			buildActionMask = 2147483647;
			files = (
				18C75ACC1B1DB6CC00FB600C /* weather-broken@2x.png in Resources */,
				18C75AD41B1DB6CC00FB600C /* weather-mist@2x.png in Resources */,
				18C75AD31B1DB6CC00FB600C /* weather-mist.png in Resources */,
				18C75AD51B1DB6CC00FB600C /* weather-moon.png in Resources */,
				18C75ADC1B1DB6CC00FB600C /* weather-scattered@2x.png in Resources */,
				18C75ADA1B1DB6CC00FB600C /* weather-rain@2x.png in Resources */,
				18C75AE21B1DB6CC00FB600C /* weather-tstorm@2x.png in Resources */,
				182130F51B1DB27B0076E2EC /* Main.storyboard in Resources */,
				18C75AE11B1DB6CC00FB600C /* weather-tstorm.png in Resources */,
				18C75AD01B1DB6CC00FB600C /* weather-few-night@2x.png in Resources */,
				18C75ADE1B1DB6CC00FB600C /* weather-shower@2x.png in Resources */,
				182130FA1B1DB27B0076E2EC /* LaunchScreen.xib in Resources */,
				18C75ADB1B1DB6CC00FB600C /* weather-scattered.png in Resources */,
				18C75ADD1B1DB6CC00FB600C /* weather-shower.png in Resources */,
				18C75AD71B1DB6CC00FB600C /* weather-rain-night.png in Resources */,
				18C75AD21B1DB6CC00FB600C /* weather-few@2x.png in Resources */,
				18C75AE01B1DB6CC00FB600C /* weather-snow@2x.png in Resources */,
				18C75ACE1B1DB6CC00FB600C /* weather-clear@2x.png in Resources */,
				18C75AE31B1DB6CC00FB600C /* bg.png in Resources */,
				18C75ADF1B1DB6CC00FB600C /* weather-snow.png in Resources */,
				18C75AD81B1DB6CC00FB600C /* weather-rain-night@2x.png in Resources */,
				182130F71B1DB27B0076E2EC /* Images.xcassets in Resources */,
				18C75AE41B1DB6CC00FB600C /* bg@2x.png in Resources */,
				18C75ACD1B1DB6CC00FB600C /* weather-clear.png in Resources */,
				18C75AD11B1DB6CC00FB600C /* weather-few.png in Resources */,
				18C75AD91B1DB6CC00FB600C /* weather-rain.png in Resources */,
				18C75AD61B1DB6CC00FB600C /* weather-moon@2x.png in Resources */,
				18C75ACF1B1DB6CC00FB600C /* weather-few-night.png in Resources */,
				18C75ACB1B1DB6CC00FB600C /* weather-broken.png in Resources */,
			);
			runOnlyForDeploymentPostprocessing = 0;
		};
		182130FD1B1DB27B0076E2EC /* Resources */ = {
			isa = PBXResourcesBuildPhase;
			buildActionMask = 2147483647;
			files = (
			);
			runOnlyForDeploymentPostprocessing = 0;
		};
/* End PBXResourcesBuildPhase section */

/* Begin PBXShellScriptBuildPhase section */
		4D1379D30B9458AB37C0C0E7 /* Copy Pods Resources */ = {
			isa = PBXShellScriptBuildPhase;
			buildActionMask = 2147483647;
			files = (
			);
			inputPaths = (
			);
			name = "Copy Pods Resources";
			outputPaths = (
			);
			runOnlyForDeploymentPostprocessing = 0;
			shellPath = /bin/sh;
			shellScript = "\"${SRCROOT}/Pods/Target Support Files/Pods-weather/Pods-weather-resources.sh\"\n";
			showEnvVarsInLog = 0;
		};
		A31077B87AD85066154945BF /* Check Pods Manifest.lock */ = {
			isa = PBXShellScriptBuildPhase;
			buildActionMask = 2147483647;
			files = (
			);
			inputPaths = (
			);
			name = "Check Pods Manifest.lock";
			outputPaths = (
			);
			runOnlyForDeploymentPostprocessing = 0;
			shellPath = /bin/sh;
			shellScript = "diff \"${PODS_ROOT}/../Podfile.lock\" \"${PODS_ROOT}/Manifest.lock\" > /dev/null\nif [[ $? != 0 ]] ; then\n    cat << EOM\nerror: The sandbox is not in sync with the Podfile.lock. Run 'pod install' or update your CocoaPods installation.\nEOM\n    exit 1\nfi\n";
			showEnvVarsInLog = 0;
		};
/* End PBXShellScriptBuildPhase section */

/* Begin PBXSourcesBuildPhase section */
		182130E21B1DB27B0076E2EC /* Sources */ = {
			isa = PBXSourcesBuildPhase;
			buildActionMask = 2147483647;
			files = (
				1848FEC51B2FF2FE00C440BC /* WXManager.m in Sources */,
				1848FECB1B2FF33600C440BC /* WXDailyForecast.m in Sources */,
				182130F21B1DB27B0076E2EC /* ViewController.m in Sources */,
				182130EF1B1DB27B0076E2EC /* AppDelegate.m in Sources */,
				182130EC1B1DB27B0076E2EC /* main.m in Sources */,
				1848FEC81B2FF31F00C440BC /* WXCondition.m in Sources */,
				1848FEC21B2FF2E400C440BC /* WXClient.m in Sources */,
			);
			runOnlyForDeploymentPostprocessing = 0;
		};
		182130FB1B1DB27B0076E2EC /* Sources */ = {
			isa = PBXSourcesBuildPhase;
			buildActionMask = 2147483647;
			files = (
				182131061B1DB27B0076E2EC /* weatherTests.m in Sources */,
			);
			runOnlyForDeploymentPostprocessing = 0;
		};
/* End PBXSourcesBuildPhase section */

/* Begin PBXTargetDependency section */
		182131011B1DB27B0076E2EC /* PBXTargetDependency */ = {
			isa = PBXTargetDependency;
			target = 182130E51B1DB27B0076E2EC /* weather */;
			targetProxy = 182131001B1DB27B0076E2EC /* PBXContainerItemProxy */;
		};
/* End PBXTargetDependency section */

/* Begin PBXVariantGroup section */
		182130F31B1DB27B0076E2EC /* Main.storyboard */ = {
			isa = PBXVariantGroup;
			children = (
				182130F41B1DB27B0076E2EC /* Base */,
			);
			name = Main.storyboard;
			sourceTree = "<group>";
		};
		182130F81B1DB27B0076E2EC /* LaunchScreen.xib */ = {
			isa = PBXVariantGroup;
			children = (
				182130F91B1DB27B0076E2EC /* Base */,
			);
			name = LaunchScreen.xib;
			sourceTree = "<group>";
		};
/* End PBXVariantGroup section */

/* Begin XCBuildConfiguration section */
		182131071B1DB27B0076E2EC /* Debug */ = {
			isa = XCBuildConfiguration;
			buildSettings = {
				ALWAYS_SEARCH_USER_PATHS = NO;
				CLANG_CXX_LANGUAGE_STANDARD = "gnu++0x";
				CLANG_CXX_LIBRARY = "libc++";
				CLANG_ENABLE_MODULES = YES;
				CLANG_ENABLE_OBJC_ARC = YES;
				CLANG_WARN_BOOL_CONVERSION = YES;
				CLANG_WARN_CONSTANT_CONVERSION = YES;
				CLANG_WARN_DIRECT_OBJC_ISA_USAGE = YES_ERROR;
				CLANG_WARN_EMPTY_BODY = YES;
				CLANG_WARN_ENUM_CONVERSION = YES;
				CLANG_WARN_INT_CONVERSION = YES;
				CLANG_WARN_OBJC_ROOT_CLASS = YES_ERROR;
				CLANG_WARN_UNREACHABLE_CODE = YES;
				CLANG_WARN__DUPLICATE_METHOD_MATCH = YES;
				"CODE_SIGN_IDENTITY[sdk=iphoneos*]" = "iPhone Developer";
				COPY_PHASE_STRIP = NO;
				DEBUG_INFORMATION_FORMAT = "dwarf-with-dsym";
				ENABLE_STRICT_OBJC_MSGSEND = YES;
				GCC_C_LANGUAGE_STANDARD = gnu99;
				GCC_DYNAMIC_NO_PIC = NO;
				GCC_NO_COMMON_BLOCKS = YES;
				GCC_OPTIMIZATION_LEVEL = 0;
				GCC_PREPROCESSOR_DEFINITIONS = (
					"DEBUG=1",
					"$(inherited)",
				);
				GCC_SYMBOLS_PRIVATE_EXTERN = NO;
				GCC_WARN_64_TO_32_BIT_CONVERSION = YES;
				GCC_WARN_ABOUT_RETURN_TYPE = YES_ERROR;
				GCC_WARN_UNDECLARED_SELECTOR = YES;
				GCC_WARN_UNINITIALIZED_AUTOS = YES_AGGRESSIVE;
				GCC_WARN_UNUSED_FUNCTION = YES;
				GCC_WARN_UNUSED_VARIABLE = YES;
				IPHONEOS_DEPLOYMENT_TARGET = 8.3;
				MTL_ENABLE_DEBUG_INFO = YES;
				ONLY_ACTIVE_ARCH = YES;
				SDKROOT = iphoneos;
			};
			name = Debug;
		};
		182131081B1DB27B0076E2EC /* Release */ = {
			isa = XCBuildConfiguration;
			buildSettings = {
				ALWAYS_SEARCH_USER_PATHS = NO;
				CLANG_CXX_LANGUAGE_STANDARD = "gnu++0x";
				CLANG_CXX_LIBRARY = "libc++";
				CLANG_ENABLE_MODULES = YES;
				CLANG_ENABLE_OBJC_ARC = YES;
				CLANG_WARN_BOOL_CONVERSION = YES;
				CLANG_WARN_CONSTANT_CONVERSION = YES;
				CLANG_WARN_DIRECT_OBJC_ISA_USAGE = YES_ERROR;
				CLANG_WARN_EMPTY_BODY = YES;
				CLANG_WARN_ENUM_CONVERSION = YES;
				CLANG_WARN_INT_CONVERSION = YES;
				CLANG_WARN_OBJC_ROOT_CLASS = YES_ERROR;
				CLANG_WARN_UNREACHABLE_CODE = YES;
				CLANG_WARN__DUPLICATE_METHOD_MATCH = YES;
				"CODE_SIGN_IDENTITY[sdk=iphoneos*]" = "iPhone Developer";
				COPY_PHASE_STRIP = NO;
				DEBUG_INFORMATION_FORMAT = "dwarf-with-dsym";
				ENABLE_NS_ASSERTIONS = NO;
				ENABLE_STRICT_OBJC_MSGSEND = YES;
				GCC_C_LANGUAGE_STANDARD = gnu99;
				GCC_NO_COMMON_BLOCKS = YES;
				GCC_WARN_64_TO_32_BIT_CONVERSION = YES;
				GCC_WARN_ABOUT_RETURN_TYPE = YES_ERROR;
				GCC_WARN_UNDECLARED_SELECTOR = YES;
				GCC_WARN_UNINITIALIZED_AUTOS = YES_AGGRESSIVE;
				GCC_WARN_UNUSED_FUNCTION = YES;
				GCC_WARN_UNUSED_VARIABLE = YES;
				IPHONEOS_DEPLOYMENT_TARGET = 8.3;
				MTL_ENABLE_DEBUG_INFO = NO;
				SDKROOT = iphoneos;
				VALIDATE_PRODUCT = YES;
			};
			name = Release;
		};
		1821310A1B1DB27B0076E2EC /* Debug */ = {
			isa = XCBuildConfiguration;
			baseConfigurationReference = B1C103E6BCC8C0A169A1494C /* Pods-weather.debug.xcconfig */;
			buildSettings = {
				ASSETCATALOG_COMPILER_APPICON_NAME = AppIcon;
				INFOPLIST_FILE = weather/Info.plist;
				LD_RUNPATH_SEARCH_PATHS = "$(inherited) @executable_path/Frameworks";
				PRODUCT_NAME = "$(TARGET_NAME)";
			};
			name = Debug;
		};
		1821310B1B1DB27B0076E2EC /* Release */ = {
			isa = XCBuildConfiguration;
			baseConfigurationReference = B8B6C2A14C91E33E89026535 /* Pods-weather.release.xcconfig */;
			buildSettings = {
				ASSETCATALOG_COMPILER_APPICON_NAME = AppIcon;
				INFOPLIST_FILE = weather/Info.plist;
				LD_RUNPATH_SEARCH_PATHS = "$(inherited) @executable_path/Frameworks";
				PRODUCT_NAME = "$(TARGET_NAME)";
			};
			name = Release;
		};
		1821310D1B1DB27B0076E2EC /* Debug */ = {
			isa = XCBuildConfiguration;
			buildSettings = {
				BUNDLE_LOADER = "$(TEST_HOST)";
				FRAMEWORK_SEARCH_PATHS = (
					"$(SDKROOT)/Developer/Library/Frameworks",
					"$(inherited)",
				);
				GCC_PREPROCESSOR_DEFINITIONS = (
					"DEBUG=1",
					"$(inherited)",
				);
				INFOPLIST_FILE = weatherTests/Info.plist;
				LD_RUNPATH_SEARCH_PATHS = "$(inherited) @executable_path/Frameworks @loader_path/Frameworks";
				PRODUCT_NAME = "$(TARGET_NAME)";
				TEST_HOST = "$(BUILT_PRODUCTS_DIR)/weather.app/weather";
			};
			name = Debug;
		};
		1821310E1B1DB27B0076E2EC /* Release */ = {
			isa = XCBuildConfiguration;
			buildSettings = {
				BUNDLE_LOADER = "$(TEST_HOST)";
				FRAMEWORK_SEARCH_PATHS = (
					"$(SDKROOT)/Developer/Library/Frameworks",
					"$(inherited)",
				);
				INFOPLIST_FILE = weatherTests/Info.plist;
				LD_RUNPATH_SEARCH_PATHS = "$(inherited) @executable_path/Frameworks @loader_path/Frameworks";
				PRODUCT_NAME = "$(TARGET_NAME)";
				TEST_HOST = "$(BUILT_PRODUCTS_DIR)/weather.app/weather";
			};
			name = Release;
		};
/* End XCBuildConfiguration section */

/* Begin XCConfigurationList section */
		182130E11B1DB27B0076E2EC /* Build configuration list for PBXProject "weather" */ = {
			isa = XCConfigurationList;
			buildConfigurations = (
				182131071B1DB27B0076E2EC /* Debug */,
				182131081B1DB27B0076E2EC /* Release */,
			);
			defaultConfigurationIsVisible = 0;
			defaultConfigurationName = Release;
		};
		182131091B1DB27B0076E2EC /* Build configuration list for PBXNativeTarget "weather" */ = {
			isa = XCConfigurationList;
			buildConfigurations = (
				1821310A1B1DB27B0076E2EC /* Debug */,
				1821310B1B1DB27B0076E2EC /* Release */,
			);
			defaultConfigurationIsVisible = 0;
			defaultConfigurationName = Release;
		};
		1821310C1B1DB27B0076E2EC /* Build configuration list for PBXNativeTarget "weatherTests" */ = {
			isa = XCConfigurationList;
			buildConfigurations = (
				1821310D1B1DB27B0076E2EC /* Debug */,
				1821310E1B1DB27B0076E2EC /* Release */,
			);
			defaultConfigurationIsVisible = 0;
			defaultConfigurationName = Release;
		};
/* End XCConfigurationList section */
	};
	rootObject = 182130DE1B1DB27B0076E2EC /* Project object */;
}
